
Microsoft Visual Studio Solution File, Format Version 12.00
# Visual Studio Version 16
VisualStudioVersion = 16.0.809.0
MinimumVisualStudioVersion = 10.0.40219.1
Project("{FAE04EC0-301F-11D3-BF4B-00C04F79EFBC}") = "LabsOfToolsPO", "LabsOfToolsPO\LabsOfToolsPO.csproj", "{3BB3AC01-3C58-4AF5-BE31-8B00AB8F7319}"
EndProject
Project("{FAE04EC0-301F-11D3-BF4B-00C04F79EFBC}") = "TestLabsOfToolsPO", "TestLabsOfToolsPO\TestLabsOfToolsPO.csproj", "{77C60A19-63BD-496D-BE15-8E70482CE96E}"
EndProject
Global
	GlobalSection(SolutionConfigurationPlatforms) = preSolution
		Debug|Any CPU = Debug|Any CPU
		Release|Any CPU = Release|Any CPU
	EndGlobalSection
	GlobalSection(ProjectConfigurationPlatforms) = postSolution
		{3BB3AC01-3C58-4AF5-BE31-8B00AB8F7319}.Debug|Any CPU.ActiveCfg = Debug|Any CPU
		{3BB3AC01-3C58-4AF5-BE31-8B00AB8F7319}.Debug|Any CPU.Build.0 = Debug|Any CPU
		{3BB3AC01-3C58-4AF5-BE31-8B00AB8F7319}.Release|Any CPU.ActiveCfg = Release|Any CPU
		{3BB3AC01-3C58-4AF5-BE31-8B00AB8F7319}.Release|Any CPU.Build.0 = Release|Any CPU
		{77C60A19-63BD-496D-BE15-8E70482CE96E}.Debug|Any CPU.ActiveCfg = Debug|Any CPU
		{77C60A19-63BD-496D-BE15-8E70482CE96E}.Debug|Any CPU.Build.0 = Debug|Any CPU
		{77C60A19-63BD-496D-BE15-8E70482CE96E}.Release|Any CPU.ActiveCfg = Release|Any CPU
		{77C60A19-63BD-496D-BE15-8E70482CE96E}.Release|Any CPU.Build.0 = Release|Any CPU
	EndGlobalSection
	GlobalSection(SolutionProperties) = preSolution
		HideSolutionNode = FALSE
	EndGlobalSection
	GlobalSection(ExtensibilityGlobals) = postSolution
		SolutionGuid = {BDF3E1C0-C046-4CFD-A75A-93FB635351BE}
	EndGlobalSection
	GlobalSection(MonoDevelopProperties) = preSolution
		Policies = $0
		$0.DotNetNamingPolicy = $1
		$1.DirectoryNamespaceAssociation = PrefixedHierarchical
	EndGlobalSection
EndGlobal
